
Microsoft Visual Studio Solution File, Format Version 12.00
# Visual Studio Version 17
VisualStudioVersion = 17.9.34701.34
MinimumVisualStudioVersion = 10.0.40219.1
Project("{9A19103F-16F7-4668-BE54-9A1E7A4F7556}") = "todoApp", "todoApp\todoApp.csproj", "{3DA18045-9CCF-4747-ACBE-DF50AE43AC89}"
EndProject
Global
	GlobalSection(SolutionConfigurationPlatforms) = preSolution
		Debug|Any CPU = Debug|Any CPU
		Release|Any CPU = Release|Any CPU
	EndGlobalSection
	GlobalSection(ProjectConfigurationPlatforms) = postSolution
		{3DA18045-9CCF-4747-ACBE-DF50AE43AC89}.Debug|Any CPU.ActiveCfg = Debug|Any CPU
		{3DA18045-9CCF-4747-ACBE-DF50AE43AC89}.Debug|Any CPU.Build.0 = Debug|Any CPU
		{3DA18045-9CCF-4747-ACBE-DF50AE43AC89}.Release|Any CPU.ActiveCfg = Release|Any CPU
		{3DA18045-9CCF-4747-ACBE-DF50AE43AC89}.Release|Any CPU.Build.0 = Release|Any CPU
	EndGlobalSection
	GlobalSection(SolutionProperties) = preSolution
		HideSolutionNode = FALSE
	EndGlobalSection
	GlobalSection(ExtensibilityGlobals) = postSolution
		SolutionGuid = {8B72BD31-2DDD-448E-B9B0-79AF796878C2}
	EndGlobalSection
EndGlobal
